
Microsoft Visual Studio Solution File, Format Version 12.00
Project("{FAE04EC0-301F-11D3-BF4B-00C04F79EFBC}") = "RasHub.Contracts", "src\RasHub.Contracts\src\RasHub.Contracts\RasHub.Contracts.csproj", "{4443FDFF-B9C8-43D7-B5AA-333A7484D094}"
EndProject
Project("{FAE04EC0-301F-11D3-BF4B-00C04F79EFBC}") = "RasHub.Web", "src\RasHub.Web\RasHub.Web.csproj", "{42E5BAED-D01C-4627-8B8D-B87A4272D2E9}"
EndProject
Project("{FAE04EC0-301F-11D3-BF4B-00C04F79EFBC}") = "RasHub.Infrastructure", "src\RasHub.Infrastructure\RasHub.Infrastructure.csproj", "{659CAD4B-8D13-4EA5-8AB6-0C8B2263C391}"
EndProject
Project("{FAE04EC0-301F-11D3-BF4B-00C04F79EFBC}") = "RasHub.Domain", "src\RasHub.Domain\RasHub.Domain.csproj", "{B170F28C-D182-44F0-8AF2-413FA36B5E5F}"
EndProject
Project("{FAE04EC0-301F-11D3-BF4B-00C04F79EFBC}") = "RasHub.Application", "src\RasHub.Application\RasHub.Application.csproj", "{51DA0F70-4A9C-4544-B760-7F9D969F8E3B}"
EndProject
Global
	GlobalSection(SolutionConfigurationPlatforms) = preSolution
		Debug|Any CPU = Debug|Any CPU
		Debug|x64 = Debug|x64
		Debug|x86 = Debug|x86
		Release|Any CPU = Release|Any CPU
		Release|x64 = Release|x64
		Release|x86 = Release|x86
	EndGlobalSection
	GlobalSection(ProjectConfigurationPlatforms) = postSolution
		{4443FDFF-B9C8-43D7-B5AA-333A7484D094}.Debug|Any CPU.ActiveCfg = Debug|Any CPU
		{4443FDFF-B9C8-43D7-B5AA-333A7484D094}.Debug|Any CPU.Build.0 = Debug|Any CPU
		{4443FDFF-B9C8-43D7-B5AA-333A7484D094}.Debug|x64.ActiveCfg = Debug|Any CPU
		{4443FDFF-B9C8-43D7-B5AA-333A7484D094}.Debug|x64.Build.0 = Debug|Any CPU
		{4443FDFF-B9C8-43D7-B5AA-333A7484D094}.Debug|x86.ActiveCfg = Debug|Any CPU
		{4443FDFF-B9C8-43D7-B5AA-333A7484D094}.Debug|x86.Build.0 = Debug|Any CPU
		{4443FDFF-B9C8-43D7-B5AA-333A7484D094}.Release|Any CPU.ActiveCfg = Release|Any CPU
		{4443FDFF-B9C8-43D7-B5AA-333A7484D094}.Release|Any CPU.Build.0 = Release|Any CPU
		{4443FDFF-B9C8-43D7-B5AA-333A7484D094}.Release|x64.ActiveCfg = Release|Any CPU
		{4443FDFF-B9C8-43D7-B5AA-333A7484D094}.Release|x64.Build.0 = Release|Any CPU
		{4443FDFF-B9C8-43D7-B5AA-333A7484D094}.Release|x86.ActiveCfg = Release|Any CPU
		{4443FDFF-B9C8-43D7-B5AA-333A7484D094}.Release|x86.Build.0 = Release|Any CPU
		{42E5BAED-D01C-4627-8B8D-B87A4272D2E9}.Debug|Any CPU.ActiveCfg = Debug|Any CPU
		{42E5BAED-D01C-4627-8B8D-B87A4272D2E9}.Debug|Any CPU.Build.0 = Debug|Any CPU
		{42E5BAED-D01C-4627-8B8D-B87A4272D2E9}.Debug|x64.ActiveCfg = Debug|Any CPU
		{42E5BAED-D01C-4627-8B8D-B87A4272D2E9}.Debug|x64.Build.0 = Debug|Any CPU
		{42E5BAED-D01C-4627-8B8D-B87A4272D2E9}.Debug|x86.ActiveCfg = Debug|Any CPU
		{42E5BAED-D01C-4627-8B8D-B87A4272D2E9}.Debug|x86.Build.0 = Debug|Any CPU
		{42E5BAED-D01C-4627-8B8D-B87A4272D2E9}.Release|Any CPU.ActiveCfg = Release|Any CPU
		{42E5BAED-D01C-4627-8B8D-B87A4272D2E9}.Release|Any CPU.Build.0 = Release|Any CPU
		{42E5BAED-D01C-4627-8B8D-B87A4272D2E9}.Release|x64.ActiveCfg = Release|Any CPU
		{42E5BAED-D01C-4627-8B8D-B87A4272D2E9}.Release|x64.Build.0 = Release|Any CPU
		{42E5BAED-D01C-4627-8B8D-B87A4272D2E9}.Release|x86.ActiveCfg = Release|Any CPU
		{42E5BAED-D01C-4627-8B8D-B87A4272D2E9}.Release|x86.Build.0 = Release|Any CPU
		{659CAD4B-8D13-4EA5-8AB6-0C8B2263C391}.Debug|Any CPU.ActiveCfg = Debug|Any CPU
		{659CAD4B-8D13-4EA5-8AB6-0C8B2263C391}.Debug|Any CPU.Build.0 = Debug|Any CPU
		{659CAD4B-8D13-4EA5-8AB6-0C8B2263C391}.Debug|x64.ActiveCfg = Debug|Any CPU
		{659CAD4B-8D13-4EA5-8AB6-0C8B2263C391}.Debug|x64.Build.0 = Debug|Any CPU
		{659CAD4B-8D13-4EA5-8AB6-0C8B2263C391}.Debug|x86.ActiveCfg = Debug|Any CPU
		{659CAD4B-8D13-4EA5-8AB6-0C8B2263C391}.Debug|x86.Build.0 = Debug|Any CPU
		{659CAD4B-8D13-4EA5-8AB6-0C8B2263C391}.Release|Any CPU.ActiveCfg = Release|Any CPU
		{659CAD4B-8D13-4EA5-8AB6-0C8B2263C391}.Release|Any CPU.Build.0 = Release|Any CPU
		{659CAD4B-8D13-4EA5-8AB6-0C8B2263C391}.Release|x64.ActiveCfg = Release|Any CPU
		{659CAD4B-8D13-4EA5-8AB6-0C8B2263C391}.Release|x64.Build.0 = Release|Any CPU
		{659CAD4B-8D13-4EA5-8AB6-0C8B2263C391}.Release|x86.ActiveCfg = Release|Any CPU
		{659CAD4B-8D13-4EA5-8AB6-0C8B2263C391}.Release|x86.Build.0 = Release|Any CPU
		{B170F28C-D182-44F0-8AF2-413FA36B5E5F}.Debug|Any CPU.ActiveCfg = Debug|Any CPU
		{B170F28C-D182-44F0-8AF2-413FA36B5E5F}.Debug|Any CPU.Build.0 = Debug|Any CPU
		{B170F28C-D182-44F0-8AF2-413FA36B5E5F}.Debug|x64.ActiveCfg = Debug|Any CPU
		{B170F28C-D182-44F0-8AF2-413FA36B5E5F}.Debug|x64.Build.0 = Debug|Any CPU
		{B170F28C-D182-44F0-8AF2-413FA36B5E5F}.Debug|x86.ActiveCfg = Debug|Any CPU
		{B170F28C-D182-44F0-8AF2-413FA36B5E5F}.Debug|x86.Build.0 = Debug|Any CPU
		{B170F28C-D182-44F0-8AF2-413FA36B5E5F}.Release|Any CPU.ActiveCfg = Release|Any CPU
		{B170F28C-D182-44F0-8AF2-413FA36B5E5F}.Release|Any CPU.Build.0 = Release|Any CPU
		{B170F28C-D182-44F0-8AF2-413FA36B5E5F}.Release|x64.ActiveCfg = Release|Any CPU
		{B170F28C-D182-44F0-8AF2-413FA36B5E5F}.Release|x64.Build.0 = Release|Any CPU
		{B170F28C-D182-44F0-8AF2-413FA36B5E5F}.Release|x86.ActiveCfg = Release|Any CPU
		{B170F28C-D182-44F0-8AF2-413FA36B5E5F}.Release|x86.Build.0 = Release|Any CPU
		{51DA0F70-4A9C-4544-B760-7F9D969F8E3B}.Debug|Any CPU.ActiveCfg = Debug|Any CPU
		{51DA0F70-4A9C-4544-B760-7F9D969F8E3B}.Debug|Any CPU.Build.0 = Debug|Any CPU
		{51DA0F70-4A9C-4544-B760-7F9D969F8E3B}.Debug|x64.ActiveCfg = Debug|Any CPU
		{51DA0F70-4A9C-4544-B760-7F9D969F8E3B}.Debug|x64.Build.0 = Debug|Any CPU
		{51DA0F70-4A9C-4544-B760-7F9D969F8E3B}.Debug|x86.ActiveCfg = Debug|Any CPU
		{51DA0F70-4A9C-4544-B760-7F9D969F8E3B}.Debug|x86.Build.0 = Debug|Any CPU
		{51DA0F70-4A9C-4544-B760-7F9D969F8E3B}.Release|Any CPU.ActiveCfg = Release|Any CPU
		{51DA0F70-4A9C-4544-B760-7F9D969F8E3B}.Release|Any CPU.Build.0 = Release|Any CPU
		{51DA0F70-4A9C-4544-B760-7F9D969F8E3B}.Release|x64.ActiveCfg = Release|Any CPU
		{51DA0F70-4A9C-4544-B760-7F9D969F8E3B}.Release|x64.Build.0 = Release|Any CPU
		{51DA0F70-4A9C-4544-B760-7F9D969F8E3B}.Release|x86.ActiveCfg = Release|Any CPU
		{51DA0F70-4A9C-4544-B760-7F9D969F8E3B}.Release|x86.Build.0 = Release|Any CPU
	EndGlobalSection
	GlobalSection(SolutionProperties) = preSolution
		HideSolutionNode = FALSE
	EndGlobalSection
EndGlobal
