
Microsoft Visual Studio Solution File, Format Version 12.00
Project("{FAE04EC0-301F-11D3-BF4B-00C04F79EFBC}") = "RasHub.Contracts", "src\RasHub.Contracts\src\RasHub.Contracts\RasHub.Contracts.csproj", "{4443FDFF-B9C8-43D7-B5AA-333A7484D094}"
EndProject
Project("{FAE04EC0-301F-11D3-BF4B-00C04F79EFBC}") = "RasHub.Web", "src\RasHub.Web\RasHub.Web.csproj", "{42E5BAED-D01C-4627-8B8D-B87A4272D2E9}"
EndProject
Project("{FAE04EC0-301F-11D3-BF4B-00C04F79EFBC}") = "RasHub.Infrastructure", "src\RasHub.Infrastructure\RasHub.Infrastructure.csproj", "{659CAD4B-8D13-4EA5-8AB6-0C8B2263C391}"
EndProject
Project("{FAE04EC0-301F-11D3-BF4B-00C04F79EFBC}") = "RasHub.Domain", "src\RasHub.Domain\RasHub.Domain.csproj", "{B170F28C-D182-44F0-8AF2-413FA36B5E5F}"
EndProject
Project("{FAE04EC0-301F-11D3-BF4B-00C04F79EFBC}") = "RasHub.Application", "src\RasHub.Application\RasHub.Application.csproj", "{51DA0F70-4A9C-4544-B760-7F9D969F8E3B}"
EndProject
Project("{2150E333-8FDC-42A3-9474-1A3956D46DE8}") = "tests", "tests", "{E9B867E9-59BB-435D-990D-15E4B565AD1D}"
EndProject
Project("{2150E333-8FDC-42A3-9474-1A3956D46DE8}") = "UnitTests", "UnitTests", "{00F6D1E2-8F3F-4C25-822C-BA8C6004FBE8}"
EndProject
Project("{2150E333-8FDC-42A3-9474-1A3956D46DE8}") = "IntegrationTests", "IntegrationTests", "{A247595B-73A1-4812-9377-14B8D68D0211}"
EndProject
Project("{FAE04EC0-301F-11D3-BF4B-00C04F79EFBC}") = "RasHub.Contracts.UnitTests", "tests\UnitTests\RasHub.Contracts.UnitTests\RasHub.Contracts.UnitTests.csproj", "{68A207FC-B794-4AA4-BA52-E97EABFD1FB0}"
EndProject
Project("{FAE04EC0-301F-11D3-BF4B-00C04F79EFBC}") = "RasHub.Infrastructure.UnitTests", "tests\UnitTests\RasHub.Infrastructure.UnitTests\RasHub.Infrastructure.UnitTests.csproj", "{B14BA3F3-3B6C-4A69-ADE9-0D89F37EF945}"
EndProject
Project("{FAE04EC0-301F-11D3-BF4B-00C04F79EFBC}") = "RasHub.Infrastructure.IntegrationTests", "tests\IntegrationTests\RasHub.Infrastructure.IntegrationTests\RasHub.Infrastructure.IntegrationTests.csproj", "{265C25B7-3BDE-4D16-8CB2-606191A91E47}"
EndProject
Project("{FAE04EC0-301F-11D3-BF4B-00C04F79EFBC}") = "RasHub.Web.IntegrationTests", "tests\IntegrationTests\RasHub.Web.IntegrationTests\RasHub.Web.IntegrationTests.csproj", "{51BDACF1-B8B9-4C5C-B39D-D22EA8BA614F}"
EndProject
Project("{2150E333-8FDC-42A3-9474-1A3956D46DE8}") = "src", "src", "{827E0CD3-B72D-47B6-A68D-7590B98EB39B}"
EndProject
Project("{FAE04EC0-301F-11D3-BF4B-00C04F79EFBC}") = "RasHub.Synchronization", "src\RasHub.Synchronization\RasHub.Synchronization.csproj", "{C743543A-A031-4406-B863-B67ABE22935B}"
EndProject
Project("{FAE04EC0-301F-11D3-BF4B-00C04F79EFBC}") = "RasHub.Synchronization.IntegrationTests", "tests\IntegrationTests\RasHub.Synchronization.IntegrationTests\RasHub.Synchronization.IntegrationTests.csproj", "{8999040F-FC94-4EFE-A2A0-41754335D482}"
EndProject
Global
	GlobalSection(SolutionConfigurationPlatforms) = preSolution
		Debug|Any CPU = Debug|Any CPU
		Debug|x64 = Debug|x64
		Debug|x86 = Debug|x86
		Release|Any CPU = Release|Any CPU
		Release|x64 = Release|x64
		Release|x86 = Release|x86
	EndGlobalSection
	GlobalSection(ProjectConfigurationPlatforms) = postSolution
		{4443FDFF-B9C8-43D7-B5AA-333A7484D094}.Debug|Any CPU.ActiveCfg = Debug|Any CPU
		{4443FDFF-B9C8-43D7-B5AA-333A7484D094}.Debug|Any CPU.Build.0 = Debug|Any CPU
		{4443FDFF-B9C8-43D7-B5AA-333A7484D094}.Debug|x64.ActiveCfg = Debug|Any CPU
		{4443FDFF-B9C8-43D7-B5AA-333A7484D094}.Debug|x64.Build.0 = Debug|Any CPU
		{4443FDFF-B9C8-43D7-B5AA-333A7484D094}.Debug|x86.ActiveCfg = Debug|Any CPU
		{4443FDFF-B9C8-43D7-B5AA-333A7484D094}.Debug|x86.Build.0 = Debug|Any CPU
		{4443FDFF-B9C8-43D7-B5AA-333A7484D094}.Release|Any CPU.ActiveCfg = Release|Any CPU
		{4443FDFF-B9C8-43D7-B5AA-333A7484D094}.Release|Any CPU.Build.0 = Release|Any CPU
		{4443FDFF-B9C8-43D7-B5AA-333A7484D094}.Release|x64.ActiveCfg = Release|Any CPU
		{4443FDFF-B9C8-43D7-B5AA-333A7484D094}.Release|x64.Build.0 = Release|Any CPU
		{4443FDFF-B9C8-43D7-B5AA-333A7484D094}.Release|x86.ActiveCfg = Release|Any CPU
		{4443FDFF-B9C8-43D7-B5AA-333A7484D094}.Release|x86.Build.0 = Release|Any CPU
		{42E5BAED-D01C-4627-8B8D-B87A4272D2E9}.Debug|Any CPU.ActiveCfg = Debug|Any CPU
		{42E5BAED-D01C-4627-8B8D-B87A4272D2E9}.Debug|Any CPU.Build.0 = Debug|Any CPU
		{42E5BAED-D01C-4627-8B8D-B87A4272D2E9}.Debug|x64.ActiveCfg = Debug|Any CPU
		{42E5BAED-D01C-4627-8B8D-B87A4272D2E9}.Debug|x64.Build.0 = Debug|Any CPU
		{42E5BAED-D01C-4627-8B8D-B87A4272D2E9}.Debug|x86.ActiveCfg = Debug|Any CPU
		{42E5BAED-D01C-4627-8B8D-B87A4272D2E9}.Debug|x86.Build.0 = Debug|Any CPU
		{42E5BAED-D01C-4627-8B8D-B87A4272D2E9}.Release|Any CPU.ActiveCfg = Release|Any CPU
		{42E5BAED-D01C-4627-8B8D-B87A4272D2E9}.Release|Any CPU.Build.0 = Release|Any CPU
		{42E5BAED-D01C-4627-8B8D-B87A4272D2E9}.Release|x64.ActiveCfg = Release|Any CPU
		{42E5BAED-D01C-4627-8B8D-B87A4272D2E9}.Release|x64.Build.0 = Release|Any CPU
		{42E5BAED-D01C-4627-8B8D-B87A4272D2E9}.Release|x86.ActiveCfg = Release|Any CPU
		{42E5BAED-D01C-4627-8B8D-B87A4272D2E9}.Release|x86.Build.0 = Release|Any CPU
		{659CAD4B-8D13-4EA5-8AB6-0C8B2263C391}.Debug|Any CPU.ActiveCfg = Debug|Any CPU
		{659CAD4B-8D13-4EA5-8AB6-0C8B2263C391}.Debug|Any CPU.Build.0 = Debug|Any CPU
		{659CAD4B-8D13-4EA5-8AB6-0C8B2263C391}.Debug|x64.ActiveCfg = Debug|Any CPU
		{659CAD4B-8D13-4EA5-8AB6-0C8B2263C391}.Debug|x64.Build.0 = Debug|Any CPU
		{659CAD4B-8D13-4EA5-8AB6-0C8B2263C391}.Debug|x86.ActiveCfg = Debug|Any CPU
		{659CAD4B-8D13-4EA5-8AB6-0C8B2263C391}.Debug|x86.Build.0 = Debug|Any CPU
		{659CAD4B-8D13-4EA5-8AB6-0C8B2263C391}.Release|Any CPU.ActiveCfg = Release|Any CPU
		{659CAD4B-8D13-4EA5-8AB6-0C8B2263C391}.Release|Any CPU.Build.0 = Release|Any CPU
		{659CAD4B-8D13-4EA5-8AB6-0C8B2263C391}.Release|x64.ActiveCfg = Release|Any CPU
		{659CAD4B-8D13-4EA5-8AB6-0C8B2263C391}.Release|x64.Build.0 = Release|Any CPU
		{659CAD4B-8D13-4EA5-8AB6-0C8B2263C391}.Release|x86.ActiveCfg = Release|Any CPU
		{659CAD4B-8D13-4EA5-8AB6-0C8B2263C391}.Release|x86.Build.0 = Release|Any CPU
		{B170F28C-D182-44F0-8AF2-413FA36B5E5F}.Debug|Any CPU.ActiveCfg = Debug|Any CPU
		{B170F28C-D182-44F0-8AF2-413FA36B5E5F}.Debug|Any CPU.Build.0 = Debug|Any CPU
		{B170F28C-D182-44F0-8AF2-413FA36B5E5F}.Debug|x64.ActiveCfg = Debug|Any CPU
		{B170F28C-D182-44F0-8AF2-413FA36B5E5F}.Debug|x64.Build.0 = Debug|Any CPU
		{B170F28C-D182-44F0-8AF2-413FA36B5E5F}.Debug|x86.ActiveCfg = Debug|Any CPU
		{B170F28C-D182-44F0-8AF2-413FA36B5E5F}.Debug|x86.Build.0 = Debug|Any CPU
		{B170F28C-D182-44F0-8AF2-413FA36B5E5F}.Release|Any CPU.ActiveCfg = Release|Any CPU
		{B170F28C-D182-44F0-8AF2-413FA36B5E5F}.Release|Any CPU.Build.0 = Release|Any CPU
		{B170F28C-D182-44F0-8AF2-413FA36B5E5F}.Release|x64.ActiveCfg = Release|Any CPU
		{B170F28C-D182-44F0-8AF2-413FA36B5E5F}.Release|x64.Build.0 = Release|Any CPU
		{B170F28C-D182-44F0-8AF2-413FA36B5E5F}.Release|x86.ActiveCfg = Release|Any CPU
		{B170F28C-D182-44F0-8AF2-413FA36B5E5F}.Release|x86.Build.0 = Release|Any CPU
		{51DA0F70-4A9C-4544-B760-7F9D969F8E3B}.Debug|Any CPU.ActiveCfg = Debug|Any CPU
		{51DA0F70-4A9C-4544-B760-7F9D969F8E3B}.Debug|Any CPU.Build.0 = Debug|Any CPU
		{51DA0F70-4A9C-4544-B760-7F9D969F8E3B}.Debug|x64.ActiveCfg = Debug|Any CPU
		{51DA0F70-4A9C-4544-B760-7F9D969F8E3B}.Debug|x64.Build.0 = Debug|Any CPU
		{51DA0F70-4A9C-4544-B760-7F9D969F8E3B}.Debug|x86.ActiveCfg = Debug|Any CPU
		{51DA0F70-4A9C-4544-B760-7F9D969F8E3B}.Debug|x86.Build.0 = Debug|Any CPU
		{51DA0F70-4A9C-4544-B760-7F9D969F8E3B}.Release|Any CPU.ActiveCfg = Release|Any CPU
		{51DA0F70-4A9C-4544-B760-7F9D969F8E3B}.Release|Any CPU.Build.0 = Release|Any CPU
		{51DA0F70-4A9C-4544-B760-7F9D969F8E3B}.Release|x64.ActiveCfg = Release|Any CPU
		{51DA0F70-4A9C-4544-B760-7F9D969F8E3B}.Release|x64.Build.0 = Release|Any CPU
		{51DA0F70-4A9C-4544-B760-7F9D969F8E3B}.Release|x86.ActiveCfg = Release|Any CPU
		{51DA0F70-4A9C-4544-B760-7F9D969F8E3B}.Release|x86.Build.0 = Release|Any CPU
		{68A207FC-B794-4AA4-BA52-E97EABFD1FB0}.Debug|Any CPU.ActiveCfg = Debug|Any CPU
		{68A207FC-B794-4AA4-BA52-E97EABFD1FB0}.Debug|Any CPU.Build.0 = Debug|Any CPU
		{68A207FC-B794-4AA4-BA52-E97EABFD1FB0}.Debug|x64.ActiveCfg = Debug|Any CPU
		{68A207FC-B794-4AA4-BA52-E97EABFD1FB0}.Debug|x64.Build.0 = Debug|Any CPU
		{68A207FC-B794-4AA4-BA52-E97EABFD1FB0}.Debug|x86.ActiveCfg = Debug|Any CPU
		{68A207FC-B794-4AA4-BA52-E97EABFD1FB0}.Debug|x86.Build.0 = Debug|Any CPU
		{68A207FC-B794-4AA4-BA52-E97EABFD1FB0}.Release|Any CPU.ActiveCfg = Release|Any CPU
		{68A207FC-B794-4AA4-BA52-E97EABFD1FB0}.Release|Any CPU.Build.0 = Release|Any CPU
		{68A207FC-B794-4AA4-BA52-E97EABFD1FB0}.Release|x64.ActiveCfg = Release|Any CPU
		{68A207FC-B794-4AA4-BA52-E97EABFD1FB0}.Release|x64.Build.0 = Release|Any CPU
		{68A207FC-B794-4AA4-BA52-E97EABFD1FB0}.Release|x86.ActiveCfg = Release|Any CPU
		{68A207FC-B794-4AA4-BA52-E97EABFD1FB0}.Release|x86.Build.0 = Release|Any CPU
		{B14BA3F3-3B6C-4A69-ADE9-0D89F37EF945}.Debug|Any CPU.ActiveCfg = Debug|Any CPU
		{B14BA3F3-3B6C-4A69-ADE9-0D89F37EF945}.Debug|Any CPU.Build.0 = Debug|Any CPU
		{B14BA3F3-3B6C-4A69-ADE9-0D89F37EF945}.Debug|x64.ActiveCfg = Debug|Any CPU
		{B14BA3F3-3B6C-4A69-ADE9-0D89F37EF945}.Debug|x64.Build.0 = Debug|Any CPU
		{B14BA3F3-3B6C-4A69-ADE9-0D89F37EF945}.Debug|x86.ActiveCfg = Debug|Any CPU
		{B14BA3F3-3B6C-4A69-ADE9-0D89F37EF945}.Debug|x86.Build.0 = Debug|Any CPU
		{B14BA3F3-3B6C-4A69-ADE9-0D89F37EF945}.Release|Any CPU.ActiveCfg = Release|Any CPU
		{B14BA3F3-3B6C-4A69-ADE9-0D89F37EF945}.Release|Any CPU.Build.0 = Release|Any CPU
		{B14BA3F3-3B6C-4A69-ADE9-0D89F37EF945}.Release|x64.ActiveCfg = Release|Any CPU
		{B14BA3F3-3B6C-4A69-ADE9-0D89F37EF945}.Release|x64.Build.0 = Release|Any CPU
		{B14BA3F3-3B6C-4A69-ADE9-0D89F37EF945}.Release|x86.ActiveCfg = Release|Any CPU
		{B14BA3F3-3B6C-4A69-ADE9-0D89F37EF945}.Release|x86.Build.0 = Release|Any CPU
		{265C25B7-3BDE-4D16-8CB2-606191A91E47}.Debug|Any CPU.ActiveCfg = Debug|Any CPU
		{265C25B7-3BDE-4D16-8CB2-606191A91E47}.Debug|Any CPU.Build.0 = Debug|Any CPU
		{265C25B7-3BDE-4D16-8CB2-606191A91E47}.Debug|x64.ActiveCfg = Debug|Any CPU
		{265C25B7-3BDE-4D16-8CB2-606191A91E47}.Debug|x64.Build.0 = Debug|Any CPU
		{265C25B7-3BDE-4D16-8CB2-606191A91E47}.Debug|x86.ActiveCfg = Debug|Any CPU
		{265C25B7-3BDE-4D16-8CB2-606191A91E47}.Debug|x86.Build.0 = Debug|Any CPU
		{265C25B7-3BDE-4D16-8CB2-606191A91E47}.Release|Any CPU.ActiveCfg = Release|Any CPU
		{265C25B7-3BDE-4D16-8CB2-606191A91E47}.Release|Any CPU.Build.0 = Release|Any CPU
		{265C25B7-3BDE-4D16-8CB2-606191A91E47}.Release|x64.ActiveCfg = Release|Any CPU
		{265C25B7-3BDE-4D16-8CB2-606191A91E47}.Release|x64.Build.0 = Release|Any CPU
		{265C25B7-3BDE-4D16-8CB2-606191A91E47}.Release|x86.ActiveCfg = Release|Any CPU
		{265C25B7-3BDE-4D16-8CB2-606191A91E47}.Release|x86.Build.0 = Release|Any CPU
		{51BDACF1-B8B9-4C5C-B39D-D22EA8BA614F}.Debug|Any CPU.ActiveCfg = Debug|Any CPU
		{51BDACF1-B8B9-4C5C-B39D-D22EA8BA614F}.Debug|Any CPU.Build.0 = Debug|Any CPU
		{51BDACF1-B8B9-4C5C-B39D-D22EA8BA614F}.Debug|x64.ActiveCfg = Debug|Any CPU
		{51BDACF1-B8B9-4C5C-B39D-D22EA8BA614F}.Debug|x64.Build.0 = Debug|Any CPU
		{51BDACF1-B8B9-4C5C-B39D-D22EA8BA614F}.Debug|x86.ActiveCfg = Debug|Any CPU
		{51BDACF1-B8B9-4C5C-B39D-D22EA8BA614F}.Debug|x86.Build.0 = Debug|Any CPU
		{51BDACF1-B8B9-4C5C-B39D-D22EA8BA614F}.Release|Any CPU.ActiveCfg = Release|Any CPU
		{51BDACF1-B8B9-4C5C-B39D-D22EA8BA614F}.Release|Any CPU.Build.0 = Release|Any CPU
		{51BDACF1-B8B9-4C5C-B39D-D22EA8BA614F}.Release|x64.ActiveCfg = Release|Any CPU
		{51BDACF1-B8B9-4C5C-B39D-D22EA8BA614F}.Release|x64.Build.0 = Release|Any CPU
		{51BDACF1-B8B9-4C5C-B39D-D22EA8BA614F}.Release|x86.ActiveCfg = Release|Any CPU
		{51BDACF1-B8B9-4C5C-B39D-D22EA8BA614F}.Release|x86.Build.0 = Release|Any CPU
		{C743543A-A031-4406-B863-B67ABE22935B}.Debug|Any CPU.ActiveCfg = Debug|Any CPU
		{C743543A-A031-4406-B863-B67ABE22935B}.Debug|Any CPU.Build.0 = Debug|Any CPU
		{C743543A-A031-4406-B863-B67ABE22935B}.Debug|x64.ActiveCfg = Debug|Any CPU
		{C743543A-A031-4406-B863-B67ABE22935B}.Debug|x64.Build.0 = Debug|Any CPU
		{C743543A-A031-4406-B863-B67ABE22935B}.Debug|x86.ActiveCfg = Debug|Any CPU
		{C743543A-A031-4406-B863-B67ABE22935B}.Debug|x86.Build.0 = Debug|Any CPU
		{C743543A-A031-4406-B863-B67ABE22935B}.Release|Any CPU.ActiveCfg = Release|Any CPU
		{C743543A-A031-4406-B863-B67ABE22935B}.Release|Any CPU.Build.0 = Release|Any CPU
		{C743543A-A031-4406-B863-B67ABE22935B}.Release|x64.ActiveCfg = Release|Any CPU
		{C743543A-A031-4406-B863-B67ABE22935B}.Release|x64.Build.0 = Release|Any CPU
		{C743543A-A031-4406-B863-B67ABE22935B}.Release|x86.ActiveCfg = Release|Any CPU
		{C743543A-A031-4406-B863-B67ABE22935B}.Release|x86.Build.0 = Release|Any CPU
		{8999040F-FC94-4EFE-A2A0-41754335D482}.Debug|Any CPU.ActiveCfg = Debug|Any CPU
		{8999040F-FC94-4EFE-A2A0-41754335D482}.Debug|Any CPU.Build.0 = Debug|Any CPU
		{8999040F-FC94-4EFE-A2A0-41754335D482}.Debug|x64.ActiveCfg = Debug|Any CPU
		{8999040F-FC94-4EFE-A2A0-41754335D482}.Debug|x64.Build.0 = Debug|Any CPU
		{8999040F-FC94-4EFE-A2A0-41754335D482}.Debug|x86.ActiveCfg = Debug|Any CPU
		{8999040F-FC94-4EFE-A2A0-41754335D482}.Debug|x86.Build.0 = Debug|Any CPU
		{8999040F-FC94-4EFE-A2A0-41754335D482}.Release|Any CPU.ActiveCfg = Release|Any CPU
		{8999040F-FC94-4EFE-A2A0-41754335D482}.Release|Any CPU.Build.0 = Release|Any CPU
		{8999040F-FC94-4EFE-A2A0-41754335D482}.Release|x64.ActiveCfg = Release|Any CPU
		{8999040F-FC94-4EFE-A2A0-41754335D482}.Release|x64.Build.0 = Release|Any CPU
		{8999040F-FC94-4EFE-A2A0-41754335D482}.Release|x86.ActiveCfg = Release|Any CPU
		{8999040F-FC94-4EFE-A2A0-41754335D482}.Release|x86.Build.0 = Release|Any CPU
	EndGlobalSection
	GlobalSection(SolutionProperties) = preSolution
		HideSolutionNode = FALSE
	EndGlobalSection
	GlobalSection(NestedProjects) = preSolution
		{00F6D1E2-8F3F-4C25-822C-BA8C6004FBE8} = {E9B867E9-59BB-435D-990D-15E4B565AD1D}
		{A247595B-73A1-4812-9377-14B8D68D0211} = {E9B867E9-59BB-435D-990D-15E4B565AD1D}
		{68A207FC-B794-4AA4-BA52-E97EABFD1FB0} = {00F6D1E2-8F3F-4C25-822C-BA8C6004FBE8}
		{B14BA3F3-3B6C-4A69-ADE9-0D89F37EF945} = {00F6D1E2-8F3F-4C25-822C-BA8C6004FBE8}
		{265C25B7-3BDE-4D16-8CB2-606191A91E47} = {A247595B-73A1-4812-9377-14B8D68D0211}
		{51BDACF1-B8B9-4C5C-B39D-D22EA8BA614F} = {A247595B-73A1-4812-9377-14B8D68D0211}
		{C743543A-A031-4406-B863-B67ABE22935B} = {827E0CD3-B72D-47B6-A68D-7590B98EB39B}
		{8999040F-FC94-4EFE-A2A0-41754335D482} = {A247595B-73A1-4812-9377-14B8D68D0211}
	EndGlobalSection
EndGlobal
